// !$*UTF8*$!
{
	archiveVersion = 1;
	classes = {
	};
	objectVersion = 55;
	objects = {

/* Begin PBXBuildFile section */
		7E31829B2938CA7300C4B2E0 /* HarrisonApp.swift in Sources */ = {isa = PBXBuildFile; fileRef = 7E31829A2938CA7300C4B2E0 /* HarrisonApp.swift */; };
		7E31829D2938CA7300C4B2E0 /* HomeView.swift in Sources */ = {isa = PBXBuildFile; fileRef = 7E31829C2938CA7300C4B2E0 /* HomeView.swift */; };
		7E31829F2938CA7500C4B2E0 /* Assets.xcassets in Resources */ = {isa = PBXBuildFile; fileRef = 7E31829E2938CA7500C4B2E0 /* Assets.xcassets */; };
		7E3182A22938CA7500C4B2E0 /* Preview Assets.xcassets in Resources */ = {isa = PBXBuildFile; fileRef = 7E3182A12938CA7500C4B2E0 /* Preview Assets.xcassets */; };
		7E3182AC2938CA7500C4B2E0 /* HarrisonAppTests.swift in Sources */ = {isa = PBXBuildFile; fileRef = 7E3182AB2938CA7500C4B2E0 /* HarrisonAppTests.swift */; };
		7E3182B62938CA7500C4B2E0 /* HarrisonAppUITests.swift in Sources */ = {isa = PBXBuildFile; fileRef = 7E3182B52938CA7500C4B2E0 /* HarrisonAppUITests.swift */; };
		7E3182B82938CA7500C4B2E0 /* HarrisonAppUITestsLaunchTests.swift in Sources */ = {isa = PBXBuildFile; fileRef = 7E3182B72938CA7500C4B2E0 /* HarrisonAppUITestsLaunchTests.swift */; };
		7E3182CE29390B1000C4B2E0 /* ContentModel.swift in Sources */ = {isa = PBXBuildFile; fileRef = 7E3182CD29390B1000C4B2E0 /* ContentModel.swift */; };
/* End PBXBuildFile section */

/* Begin PBXContainerItemProxy section */
		7E3182A82938CA7500C4B2E0 /* PBXContainerItemProxy */ = {
			isa = PBXContainerItemProxy;
			containerPortal = 7E31828F2938CA7300C4B2E0 /* Project object */;
			proxyType = 1;
			remoteGlobalIDString = 7E3182962938CA7300C4B2E0;
			remoteInfo = HarrisonApp;
		};
		7E3182B22938CA7500C4B2E0 /* PBXContainerItemProxy */ = {
			isa = PBXContainerItemProxy;
			containerPortal = 7E31828F2938CA7300C4B2E0 /* Project object */;
			proxyType = 1;
			remoteGlobalIDString = 7E3182962938CA7300C4B2E0;
			remoteInfo = HarrisonApp;
		};
/* End PBXContainerItemProxy section */

/* Begin PBXFileReference section */
		7E3182972938CA7300C4B2E0 /* HarrisonApp.app */ = {isa = PBXFileReference; explicitFileType = wrapper.application; includeInIndex = 0; path = HarrisonApp.app; sourceTree = BUILT_PRODUCTS_DIR; };
		7E31829A2938CA7300C4B2E0 /* HarrisonApp.swift */ = {isa = PBXFileReference; lastKnownFileType = sourcecode.swift; path = HarrisonApp.swift; sourceTree = "<group>"; };
		7E31829C2938CA7300C4B2E0 /* HomeView.swift */ = {isa = PBXFileReference; lastKnownFileType = sourcecode.swift; path = HomeView.swift; sourceTree = "<group>"; };
		7E31829E2938CA7500C4B2E0 /* Assets.xcassets */ = {isa = PBXFileReference; lastKnownFileType = folder.assetcatalog; path = Assets.xcassets; sourceTree = "<group>"; };
		7E3182A12938CA7500C4B2E0 /* Preview Assets.xcassets */ = {isa = PBXFileReference; lastKnownFileType = folder.assetcatalog; path = "Preview Assets.xcassets"; sourceTree = "<group>"; };
		7E3182A72938CA7500C4B2E0 /* HarrisonAppTests.xctest */ = {isa = PBXFileReference; explicitFileType = wrapper.cfbundle; includeInIndex = 0; path = HarrisonAppTests.xctest; sourceTree = BUILT_PRODUCTS_DIR; };
		7E3182AB2938CA7500C4B2E0 /* HarrisonAppTests.swift */ = {isa = PBXFileReference; lastKnownFileType = sourcecode.swift; path = HarrisonAppTests.swift; sourceTree = "<group>"; };
		7E3182B12938CA7500C4B2E0 /* HarrisonAppUITests.xctest */ = {isa = PBXFileReference; explicitFileType = wrapper.cfbundle; includeInIndex = 0; path = HarrisonAppUITests.xctest; sourceTree = BUILT_PRODUCTS_DIR; };
		7E3182B52938CA7500C4B2E0 /* HarrisonAppUITests.swift */ = {isa = PBXFileReference; lastKnownFileType = sourcecode.swift; path = HarrisonAppUITests.swift; sourceTree = "<group>"; };
		7E3182B72938CA7500C4B2E0 /* HarrisonAppUITestsLaunchTests.swift */ = {isa = PBXFileReference; lastKnownFileType = sourcecode.swift; path = HarrisonAppUITestsLaunchTests.swift; sourceTree = "<group>"; };
		7E3182CD29390B1000C4B2E0 /* ContentModel.swift */ = {isa = PBXFileReference; lastKnownFileType = sourcecode.swift; path = ContentModel.swift; sourceTree = "<group>"; };
/* End PBXFileReference section */

/* Begin PBXFrameworksBuildPhase section */
		7E3182942938CA7300C4B2E0 /* Frameworks */ = {
			isa = PBXFrameworksBuildPhase;
			buildActionMask = 2147483647;
			files = (
			);
			runOnlyForDeploymentPostprocessing = 0;
		};
		7E3182A42938CA7500C4B2E0 /* Frameworks */ = {
			isa = PBXFrameworksBuildPhase;
			buildActionMask = 2147483647;
			files = (
			);
			runOnlyForDeploymentPostprocessing = 0;
		};
		7E3182AE2938CA7500C4B2E0 /* Frameworks */ = {
			isa = PBXFrameworksBuildPhase;
			buildActionMask = 2147483647;
			files = (
			);
			runOnlyForDeploymentPostprocessing = 0;
		};
/* End PBXFrameworksBuildPhase section */

/* Begin PBXGroup section */
		7E31828E2938CA7300C4B2E0 = {
			isa = PBXGroup;
			children = (
				7E3182992938CA7300C4B2E0 /* HarrisonApp */,
				7E3182AA2938CA7500C4B2E0 /* HarrisonAppTests */,
				7E3182B42938CA7500C4B2E0 /* HarrisonAppUITests */,
				7E3182982938CA7300C4B2E0 /* Products */,
			);
			sourceTree = "<group>";
		};
		7E3182982938CA7300C4B2E0 /* Products */ = {
			isa = PBXGroup;
			children = (
				7E3182972938CA7300C4B2E0 /* HarrisonApp.app */,
				7E3182A72938CA7500C4B2E0 /* HarrisonAppTests.xctest */,
				7E3182B12938CA7500C4B2E0 /* HarrisonAppUITests.xctest */,
			);
			name = Products;
			sourceTree = "<group>";
		};
		7E3182992938CA7300C4B2E0 /* HarrisonApp */ = {
			isa = PBXGroup;
			children = (
				7E31829A2938CA7300C4B2E0 /* HarrisonApp.swift */,
				7E3182C62938FCBB00C4B2E0 /* Views */,
				7E3182C72938FCC500C4B2E0 /* ViewModels */,
				7E3182C82938FCD400C4B2E0 /* Models */,
				7E3182CA2938FCF900C4B2E0 /* Helpers */,
				7E3182C92938FCEF00C4B2E0 /* Resources */,
				7E31829E2938CA7500C4B2E0 /* Assets.xcassets */,
				7E3182A02938CA7500C4B2E0 /* Preview Content */,
			);
			path = HarrisonApp;
			sourceTree = "<group>";
		};
		7E3182A02938CA7500C4B2E0 /* Preview Content */ = {
			isa = PBXGroup;
			children = (
				7E3182A12938CA7500C4B2E0 /* Preview Assets.xcassets */,
			);
			path = "Preview Content";
			sourceTree = "<group>";
		};
		7E3182AA2938CA7500C4B2E0 /* HarrisonAppTests */ = {
			isa = PBXGroup;
			children = (
				7E3182AB2938CA7500C4B2E0 /* HarrisonAppTests.swift */,
			);
			path = HarrisonAppTests;
			sourceTree = "<group>";
		};
		7E3182B42938CA7500C4B2E0 /* HarrisonAppUITests */ = {
			isa = PBXGroup;
			children = (
				7E3182B52938CA7500C4B2E0 /* HarrisonAppUITests.swift */,
				7E3182B72938CA7500C4B2E0 /* HarrisonAppUITestsLaunchTests.swift */,
			);
			path = HarrisonAppUITests;
			sourceTree = "<group>";
		};
		7E3182C62938FCBB00C4B2E0 /* Views */ = {
			isa = PBXGroup;
			children = (
				7E31829C2938CA7300C4B2E0 /* HomeView.swift */,
			);
			path = Views;
			sourceTree = "<group>";
		};
		7E3182C72938FCC500C4B2E0 /* ViewModels */ = {
			isa = PBXGroup;
			children = (
				7E3182CD29390B1000C4B2E0 /* ContentModel.swift */,
			);
			path = ViewModels;
			sourceTree = "<group>";
		};
		7E3182C82938FCD400C4B2E0 /* Models */ = {
			isa = PBXGroup;
			children = (
			);
			path = Models;
			sourceTree = "<group>";
		};
		7E3182C92938FCEF00C4B2E0 /* Resources */ = {
			isa = PBXGroup;
			children = (
			);
			path = Resources;
			sourceTree = "<group>";
		};
		7E3182CA2938FCF900C4B2E0 /* Helpers */ = {
			isa = PBXGroup;
			children = (
			);
			path = Helpers;
			sourceTree = "<group>";
		};
/* End PBXGroup section */

/* Begin PBXNativeTarget section */
		7E3182962938CA7300C4B2E0 /* HarrisonApp */ = {
			isa = PBXNativeTarget;
			buildConfigurationList = 7E3182BB2938CA7500C4B2E0 /* Build configuration list for PBXNativeTarget "HarrisonApp" */;
			buildPhases = (
				7E3182932938CA7300C4B2E0 /* Sources */,
				7E3182942938CA7300C4B2E0 /* Frameworks */,
				7E3182952938CA7300C4B2E0 /* Resources */,
			);
			buildRules = (
			);
			dependencies = (
			);
			name = HarrisonApp;
			productName = HarrisonApp;
			productReference = 7E3182972938CA7300C4B2E0 /* HarrisonApp.app */;
			productType = "com.apple.product-type.application";
		};
		7E3182A62938CA7500C4B2E0 /* HarrisonAppTests */ = {
			isa = PBXNativeTarget;
			buildConfigurationList = 7E3182BE2938CA7500C4B2E0 /* Build configuration list for PBXNativeTarget "HarrisonAppTests" */;
			buildPhases = (
				7E3182A32938CA7500C4B2E0 /* Sources */,
				7E3182A42938CA7500C4B2E0 /* Frameworks */,
				7E3182A52938CA7500C4B2E0 /* Resources */,
			);
			buildRules = (
			);
			dependencies = (
				7E3182A92938CA7500C4B2E0 /* PBXTargetDependency */,
			);
			name = HarrisonAppTests;
			productName = HarrisonAppTests;
			productReference = 7E3182A72938CA7500C4B2E0 /* HarrisonAppTests.xctest */;
			productType = "com.apple.product-type.bundle.unit-test";
		};
		7E3182B02938CA7500C4B2E0 /* HarrisonAppUITests */ = {
			isa = PBXNativeTarget;
			buildConfigurationList = 7E3182C12938CA7500C4B2E0 /* Build configuration list for PBXNativeTarget "HarrisonAppUITests" */;
			buildPhases = (
				7E3182AD2938CA7500C4B2E0 /* Sources */,
				7E3182AE2938CA7500C4B2E0 /* Frameworks */,
				7E3182AF2938CA7500C4B2E0 /* Resources */,
			);
			buildRules = (
			);
			dependencies = (
				7E3182B32938CA7500C4B2E0 /* PBXTargetDependency */,
			);
			name = HarrisonAppUITests;
			productName = HarrisonAppUITests;
			productReference = 7E3182B12938CA7500C4B2E0 /* HarrisonAppUITests.xctest */;
			productType = "com.apple.product-type.bundle.ui-testing";
		};
/* End PBXNativeTarget section */

/* Begin PBXProject section */
		7E31828F2938CA7300C4B2E0 /* Project object */ = {
			isa = PBXProject;
			attributes = {
				BuildIndependentTargetsInParallel = 1;
				LastSwiftUpdateCheck = 1340;
				LastUpgradeCheck = 1340;
				TargetAttributes = {
					7E3182962938CA7300C4B2E0 = {
						CreatedOnToolsVersion = 13.4.1;
					};
					7E3182A62938CA7500C4B2E0 = {
						CreatedOnToolsVersion = 13.4.1;
						TestTargetID = 7E3182962938CA7300C4B2E0;
					};
					7E3182B02938CA7500C4B2E0 = {
						CreatedOnToolsVersion = 13.4.1;
						TestTargetID = 7E3182962938CA7300C4B2E0;
					};
				};
			};
			buildConfigurationList = 7E3182922938CA7300C4B2E0 /* Build configuration list for PBXProject "HarrisonApp" */;
			compatibilityVersion = "Xcode 13.0";
			developmentRegion = en;
			hasScannedForEncodings = 0;
			knownRegions = (
				en,
				Base,
			);
			mainGroup = 7E31828E2938CA7300C4B2E0;
			productRefGroup = 7E3182982938CA7300C4B2E0 /* Products */;
			projectDirPath = "";
			projectRoot = "";
			targets = (
				7E3182962938CA7300C4B2E0 /* HarrisonApp */,
				7E3182A62938CA7500C4B2E0 /* HarrisonAppTests */,
				7E3182B02938CA7500C4B2E0 /* HarrisonAppUITests */,
			);
		};
/* End PBXProject section */

/* Begin PBXResourcesBuildPhase section */
		7E3182952938CA7300C4B2E0 /* Resources */ = {
			isa = PBXResourcesBuildPhase;
			buildActionMask = 2147483647;
			files = (
				7E3182A22938CA7500C4B2E0 /* Preview Assets.xcassets in Resources */,
				7E31829F2938CA7500C4B2E0 /* Assets.xcassets in Resources */,
			);
			runOnlyForDeploymentPostprocessing = 0;
		};
		7E3182A52938CA7500C4B2E0 /* Resources */ = {
			isa = PBXResourcesBuildPhase;
			buildActionMask = 2147483647;
			files = (
			);
			runOnlyForDeploymentPostprocessing = 0;
		};
		7E3182AF2938CA7500C4B2E0 /* Resources */ = {
			isa = PBXResourcesBuildPhase;
			buildActionMask = 2147483647;
			files = (
			);
			runOnlyForDeploymentPostprocessing = 0;
		};
/* End PBXResourcesBuildPhase section */

/* Begin PBXSourcesBuildPhase section */
		7E3182932938CA7300C4B2E0 /* Sources */ = {
			isa = PBXSourcesBuildPhase;
			buildActionMask = 2147483647;
			files = (
				7E31829D2938CA7300C4B2E0 /* HomeView.swift in Sources */,
				7E31829B2938CA7300C4B2E0 /* HarrisonApp.swift in Sources */,
				7E3182CE29390B1000C4B2E0 /* ContentModel.swift in Sources */,
			);
			runOnlyForDeploymentPostprocessing = 0;
		};
		7E3182A32938CA7500C4B2E0 /* Sources */ = {
			isa = PBXSourcesBuildPhase;
			buildActionMask = 2147483647;
			files = (
				7E3182AC2938CA7500C4B2E0 /* HarrisonAppTests.swift in Sources */,
			);
			runOnlyForDeploymentPostprocessing = 0;
		};
		7E3182AD2938CA7500C4B2E0 /* Sources */ = {
			isa = PBXSourcesBuildPhase;
			buildActionMask = 2147483647;
			files = (
				7E3182B82938CA7500C4B2E0 /* HarrisonAppUITestsLaunchTests.swift in Sources */,
				7E3182B62938CA7500C4B2E0 /* HarrisonAppUITests.swift in Sources */,
			);
			runOnlyForDeploymentPostprocessing = 0;
		};
/* End PBXSourcesBuildPhase section */

/* Begin PBXTargetDependency section */
		7E3182A92938CA7500C4B2E0 /* PBXTargetDependency */ = {
			isa = PBXTargetDependency;
			target = 7E3182962938CA7300C4B2E0 /* HarrisonApp */;
			targetProxy = 7E3182A82938CA7500C4B2E0 /* PBXContainerItemProxy */;
		};
		7E3182B32938CA7500C4B2E0 /* PBXTargetDependency */ = {
			isa = PBXTargetDependency;
			target = 7E3182962938CA7300C4B2E0 /* HarrisonApp */;
			targetProxy = 7E3182B22938CA7500C4B2E0 /* PBXContainerItemProxy */;
		};
/* End PBXTargetDependency section */

/* Begin XCBuildConfiguration section */
		7E3182B92938CA7500C4B2E0 /* Debug */ = {
			isa = XCBuildConfiguration;
			buildSettings = {
				ALWAYS_SEARCH_USER_PATHS = NO;
				CLANG_ANALYZER_NONNULL = YES;
				CLANG_ANALYZER_NUMBER_OBJECT_CONVERSION = YES_AGGRESSIVE;
				CLANG_CXX_LANGUAGE_STANDARD = "gnu++17";
				CLANG_ENABLE_MODULES = YES;
				CLANG_ENABLE_OBJC_ARC = YES;
				CLANG_ENABLE_OBJC_WEAK = YES;
				CLANG_WARN_BLOCK_CAPTURE_AUTORELEASING = YES;
				CLANG_WARN_BOOL_CONVERSION = YES;
				CLANG_WARN_COMMA = YES;
				CLANG_WARN_CONSTANT_CONVERSION = YES;
				CLANG_WARN_DEPRECATED_OBJC_IMPLEMENTATIONS = YES;
				CLANG_WARN_DIRECT_OBJC_ISA_USAGE = YES_ERROR;
				CLANG_WARN_DOCUMENTATION_COMMENTS = YES;
				CLANG_WARN_EMPTY_BODY = YES;
				CLANG_WARN_ENUM_CONVERSION = YES;
				CLANG_WARN_INFINITE_RECURSION = YES;
				CLANG_WARN_INT_CONVERSION = YES;
				CLANG_WARN_NON_LITERAL_NULL_CONVERSION = YES;
				CLANG_WARN_OBJC_IMPLICIT_RETAIN_SELF = YES;
				CLANG_WARN_OBJC_LITERAL_CONVERSION = YES;
				CLANG_WARN_OBJC_ROOT_CLASS = YES_ERROR;
				CLANG_WARN_QUOTED_INCLUDE_IN_FRAMEWORK_HEADER = YES;
				CLANG_WARN_RANGE_LOOP_ANALYSIS = YES;
				CLANG_WARN_STRICT_PROTOTYPES = YES;
				CLANG_WARN_SUSPICIOUS_MOVE = YES;
				CLANG_WARN_UNGUARDED_AVAILABILITY = YES_AGGRESSIVE;
				CLANG_WARN_UNREACHABLE_CODE = YES;
				CLANG_WARN__DUPLICATE_METHOD_MATCH = YES;
				COPY_PHASE_STRIP = NO;
				DEBUG_INFORMATION_FORMAT = dwarf;
				ENABLE_STRICT_OBJC_MSGSEND = YES;
				ENABLE_TESTABILITY = YES;
				GCC_C_LANGUAGE_STANDARD = gnu11;
				GCC_DYNAMIC_NO_PIC = NO;
				GCC_NO_COMMON_BLOCKS = YES;
				GCC_OPTIMIZATION_LEVEL = 0;
				GCC_PREPROCESSOR_DEFINITIONS = (
					"DEBUG=1",
					"$(inherited)",
				);
				GCC_WARN_64_TO_32_BIT_CONVERSION = YES;
				GCC_WARN_ABOUT_RETURN_TYPE = YES_ERROR;
				GCC_WARN_UNDECLARED_SELECTOR = YES;
				GCC_WARN_UNINITIALIZED_AUTOS = YES_AGGRESSIVE;
				GCC_WARN_UNUSED_FUNCTION = YES;
				GCC_WARN_UNUSED_VARIABLE = YES;
				IPHONEOS_DEPLOYMENT_TARGET = 15.5;
				MTL_ENABLE_DEBUG_INFO = INCLUDE_SOURCE;
				MTL_FAST_MATH = YES;
				ONLY_ACTIVE_ARCH = YES;
				SDKROOT = iphoneos;
				SWIFT_ACTIVE_COMPILATION_CONDITIONS = DEBUG;
				SWIFT_OPTIMIZATION_LEVEL = "-Onone";
			};
			name = Debug;
		};
		7E3182BA2938CA7500C4B2E0 /* Release */ = {
			isa = XCBuildConfiguration;
			buildSettings = {
				ALWAYS_SEARCH_USER_PATHS = NO;
				CLANG_ANALYZER_NONNULL = YES;
				CLANG_ANALYZER_NUMBER_OBJECT_CONVERSION = YES_AGGRESSIVE;
				CLANG_CXX_LANGUAGE_STANDARD = "gnu++17";
				CLANG_ENABLE_MODULES = YES;
				CLANG_ENABLE_OBJC_ARC = YES;
				CLANG_ENABLE_OBJC_WEAK = YES;
				CLANG_WARN_BLOCK_CAPTURE_AUTORELEASING = YES;
				CLANG_WARN_BOOL_CONVERSION = YES;
				CLANG_WARN_COMMA = YES;
				CLANG_WARN_CONSTANT_CONVERSION = YES;
				CLANG_WARN_DEPRECATED_OBJC_IMPLEMENTATIONS = YES;
				CLANG_WARN_DIRECT_OBJC_ISA_USAGE = YES_ERROR;
				CLANG_WARN_DOCUMENTATION_COMMENTS = YES;
				CLANG_WARN_EMPTY_BODY = YES;
				CLANG_WARN_ENUM_CONVERSION = YES;
				CLANG_WARN_INFINITE_RECURSION = YES;
				CLANG_WARN_INT_CONVERSION = YES;
				CLANG_WARN_NON_LITERAL_NULL_CONVERSION = YES;
				CLANG_WARN_OBJC_IMPLICIT_RETAIN_SELF = YES;
				CLANG_WARN_OBJC_LITERAL_CONVERSION = YES;
				CLANG_WARN_OBJC_ROOT_CLASS = YES_ERROR;
				CLANG_WARN_QUOTED_INCLUDE_IN_FRAMEWORK_HEADER = YES;
				CLANG_WARN_RANGE_LOOP_ANALYSIS = YES;
				CLANG_WARN_STRICT_PROTOTYPES = YES;
				CLANG_WARN_SUSPICIOUS_MOVE = YES;
				CLANG_WARN_UNGUARDED_AVAILABILITY = YES_AGGRESSIVE;
				CLANG_WARN_UNREACHABLE_CODE = YES;
				CLANG_WARN__DUPLICATE_METHOD_MATCH = YES;
				COPY_PHASE_STRIP = NO;
				DEBUG_INFORMATION_FORMAT = "dwarf-with-dsym";
				ENABLE_NS_ASSERTIONS = NO;
				ENABLE_STRICT_OBJC_MSGSEND = YES;
				GCC_C_LANGUAGE_STANDARD = gnu11;
				GCC_NO_COMMON_BLOCKS = YES;
				GCC_WARN_64_TO_32_BIT_CONVERSION = YES;
				GCC_WARN_ABOUT_RETURN_TYPE = YES_ERROR;
				GCC_WARN_UNDECLARED_SELECTOR = YES;
				GCC_WARN_UNINITIALIZED_AUTOS = YES_AGGRESSIVE;
				GCC_WARN_UNUSED_FUNCTION = YES;
				GCC_WARN_UNUSED_VARIABLE = YES;
				IPHONEOS_DEPLOYMENT_TARGET = 15.5;
				MTL_ENABLE_DEBUG_INFO = NO;
				MTL_FAST_MATH = YES;
				SDKROOT = iphoneos;
				SWIFT_COMPILATION_MODE = wholemodule;
				SWIFT_OPTIMIZATION_LEVEL = "-O";
				VALIDATE_PRODUCT = YES;
			};
			name = Release;
		};
		7E3182BC2938CA7500C4B2E0 /* Debug */ = {
			isa = XCBuildConfiguration;
			buildSettings = {
				ASSETCATALOG_COMPILER_APPICON_NAME = AppIcon;
				ASSETCATALOG_COMPILER_GLOBAL_ACCENT_COLOR_NAME = AccentColor;
				CODE_SIGN_STYLE = Automatic;
				CURRENT_PROJECT_VERSION = 1;
				DEVELOPMENT_ASSET_PATHS = "\"HarrisonApp/Preview Content\"";
				DEVELOPMENT_TEAM = K6M892XAUU;
				ENABLE_PREVIEWS = YES;
				GENERATE_INFOPLIST_FILE = YES;
				INFOPLIST_KEY_UIApplicationSceneManifest_Generation = YES;
				INFOPLIST_KEY_UIApplicationSupportsIndirectInputEvents = YES;
				INFOPLIST_KEY_UILaunchScreen_Generation = YES;
				INFOPLIST_KEY_UISupportedInterfaceOrientations_iPad = "UIInterfaceOrientationPortrait UIInterfaceOrientationPortraitUpsideDown UIInterfaceOrientationLandscapeLeft UIInterfaceOrientationLandscapeRight";
				INFOPLIST_KEY_UISupportedInterfaceOrientations_iPhone = "UIInterfaceOrientationPortrait UIInterfaceOrientationLandscapeLeft UIInterfaceOrientationLandscapeRight";
				LD_RUNPATH_SEARCH_PATHS = (
					"$(inherited)",
					"@executable_path/Frameworks",
				);
				MARKETING_VERSION = 1.0;
				PRODUCT_BUNDLE_IDENTIFIER = uh.HarrisonApp;
				PRODUCT_NAME = "$(TARGET_NAME)";
				SWIFT_EMIT_LOC_STRINGS = YES;
				SWIFT_VERSION = 5.0;
				TARGETED_DEVICE_FAMILY = "1,2";
			};
			name = Debug;
		};
		7E3182BD2938CA7500C4B2E0 /* Release */ = {
			isa = XCBuildConfiguration;
			buildSettings = {
				ASSETCATALOG_COMPILER_APPICON_NAME = AppIcon;
				ASSETCATALOG_COMPILER_GLOBAL_ACCENT_COLOR_NAME = AccentColor;
				CODE_SIGN_STYLE = Automatic;
				CURRENT_PROJECT_VERSION = 1;
				DEVELOPMENT_ASSET_PATHS = "\"HarrisonApp/Preview Content\"";
				DEVELOPMENT_TEAM = K6M892XAUU;
				ENABLE_PREVIEWS = YES;
				GENERATE_INFOPLIST_FILE = YES;
				INFOPLIST_KEY_UIApplicationSceneManifest_Generation = YES;
				INFOPLIST_KEY_UIApplicationSupportsIndirectInputEvents = YES;
				INFOPLIST_KEY_UILaunchScreen_Generation = YES;
				INFOPLIST_KEY_UISupportedInterfaceOrientations_iPad = "UIInterfaceOrientationPortrait UIInterfaceOrientationPortraitUpsideDown UIInterfaceOrientationLandscapeLeft UIInterfaceOrientationLandscapeRight";
				INFOPLIST_KEY_UISupportedInterfaceOrientations_iPhone = "UIInterfaceOrientationPortrait UIInterfaceOrientationLandscapeLeft UIInterfaceOrientationLandscapeRight";
				LD_RUNPATH_SEARCH_PATHS = (
					"$(inherited)",
					"@executable_path/Frameworks",
				);
				MARKETING_VERSION = 1.0;
				PRODUCT_BUNDLE_IDENTIFIER = uh.HarrisonApp;
				PRODUCT_NAME = "$(TARGET_NAME)";
				SWIFT_EMIT_LOC_STRINGS = YES;
				SWIFT_VERSION = 5.0;
				TARGETED_DEVICE_FAMILY = "1,2";
			};
			name = Release;
		};
		7E3182BF2938CA7500C4B2E0 /* Debug */ = {
			isa = XCBuildConfiguration;
			buildSettings = {
				ALWAYS_EMBED_SWIFT_STANDARD_LIBRARIES = YES;
				BUNDLE_LOADER = "$(TEST_HOST)";
				CODE_SIGN_STYLE = Automatic;
				CURRENT_PROJECT_VERSION = 1;
				DEVELOPMENT_TEAM = K6M892XAUU;
				GENERATE_INFOPLIST_FILE = YES;
				IPHONEOS_DEPLOYMENT_TARGET = 15.5;
				MARKETING_VERSION = 1.0;
				PRODUCT_BUNDLE_IDENTIFIER = uh.HarrisonAppTests;
				PRODUCT_NAME = "$(TARGET_NAME)";
				SWIFT_EMIT_LOC_STRINGS = NO;
				SWIFT_VERSION = 5.0;
				TARGETED_DEVICE_FAMILY = "1,2";
				TEST_HOST = "$(BUILT_PRODUCTS_DIR)/HarrisonApp.app/HarrisonApp";
			};
			name = Debug;
		};
		7E3182C02938CA7500C4B2E0 /* Release */ = {
			isa = XCBuildConfiguration;
			buildSettings = {
				ALWAYS_EMBED_SWIFT_STANDARD_LIBRARIES = YES;
				BUNDLE_LOADER = "$(TEST_HOST)";
				CODE_SIGN_STYLE = Automatic;
				CURRENT_PROJECT_VERSION = 1;
				DEVELOPMENT_TEAM = K6M892XAUU;
				GENERATE_INFOPLIST_FILE = YES;
				IPHONEOS_DEPLOYMENT_TARGET = 15.5;
				MARKETING_VERSION = 1.0;
				PRODUCT_BUNDLE_IDENTIFIER = uh.HarrisonAppTests;
				PRODUCT_NAME = "$(TARGET_NAME)";
				SWIFT_EMIT_LOC_STRINGS = NO;
				SWIFT_VERSION = 5.0;
				TARGETED_DEVICE_FAMILY = "1,2";
				TEST_HOST = "$(BUILT_PRODUCTS_DIR)/HarrisonApp.app/HarrisonApp";
			};
			name = Release;
		};
		7E3182C22938CA7500C4B2E0 /* Debug */ = {
			isa = XCBuildConfiguration;
			buildSettings = {
				ALWAYS_EMBED_SWIFT_STANDARD_LIBRARIES = YES;
				CODE_SIGN_STYLE = Automatic;
				CURRENT_PROJECT_VERSION = 1;
				DEVELOPMENT_TEAM = K6M892XAUU;
				GENERATE_INFOPLIST_FILE = YES;
				MARKETING_VERSION = 1.0;
				PRODUCT_BUNDLE_IDENTIFIER = uh.HarrisonAppUITests;
				PRODUCT_NAME = "$(TARGET_NAME)";
				SWIFT_EMIT_LOC_STRINGS = NO;
				SWIFT_VERSION = 5.0;
				TARGETED_DEVICE_FAMILY = "1,2";
				TEST_TARGET_NAME = HarrisonApp;
			};
			name = Debug;
		};
		7E3182C32938CA7500C4B2E0 /* Release */ = {
			isa = XCBuildConfiguration;
			buildSettings = {
				ALWAYS_EMBED_SWIFT_STANDARD_LIBRARIES = YES;
				CODE_SIGN_STYLE = Automatic;
				CURRENT_PROJECT_VERSION = 1;
				DEVELOPMENT_TEAM = K6M892XAUU;
				GENERATE_INFOPLIST_FILE = YES;
				MARKETING_VERSION = 1.0;
				PRODUCT_BUNDLE_IDENTIFIER = uh.HarrisonAppUITests;
				PRODUCT_NAME = "$(TARGET_NAME)";
				SWIFT_EMIT_LOC_STRINGS = NO;
				SWIFT_VERSION = 5.0;
				TARGETED_DEVICE_FAMILY = "1,2";
				TEST_TARGET_NAME = HarrisonApp;
			};
			name = Release;
		};
/* End XCBuildConfiguration section */

/* Begin XCConfigurationList section */
		7E3182922938CA7300C4B2E0 /* Build configuration list for PBXProject "HarrisonApp" */ = {
			isa = XCConfigurationList;
			buildConfigurations = (
				7E3182B92938CA7500C4B2E0 /* Debug */,
				7E3182BA2938CA7500C4B2E0 /* Release */,
			);
			defaultConfigurationIsVisible = 0;
			defaultConfigurationName = Release;
		};
		7E3182BB2938CA7500C4B2E0 /* Build configuration list for PBXNativeTarget "HarrisonApp" */ = {
			isa = XCConfigurationList;
			buildConfigurations = (
				7E3182BC2938CA7500C4B2E0 /* Debug */,
				7E3182BD2938CA7500C4B2E0 /* Release */,
			);
			defaultConfigurationIsVisible = 0;
			defaultConfigurationName = Release;
		};
		7E3182BE2938CA7500C4B2E0 /* Build configuration list for PBXNativeTarget "HarrisonAppTests" */ = {
			isa = XCConfigurationList;
			buildConfigurations = (
				7E3182BF2938CA7500C4B2E0 /* Debug */,
				7E3182C02938CA7500C4B2E0 /* Release */,
			);
			defaultConfigurationIsVisible = 0;
			defaultConfigurationName = Release;
		};
		7E3182C12938CA7500C4B2E0 /* Build configuration list for PBXNativeTarget "HarrisonAppUITests" */ = {
			isa = XCConfigurationList;
			buildConfigurations = (
				7E3182C22938CA7500C4B2E0 /* Debug */,
				7E3182C32938CA7500C4B2E0 /* Release */,
			);
			defaultConfigurationIsVisible = 0;
			defaultConfigurationName = Release;
		};
/* End XCConfigurationList section */
	};
	rootObject = 7E31828F2938CA7300C4B2E0 /* Project object */;
}
